Microsoft Visual Studio Solution File, Format Version 12.00
# Visual Studio Version 17
VisualStudioVersion = 17.5.2.0
MinimumVisualStudioVersion = 10.0.40219.1
Project("{FAE04EC0-301F-11D3-BF4B-00C04F79EFBC}") = "habitaai.webapi", "habitaai.webapi.csproj", "{1E68AF17-4024-79F8-BB4A-5FDAE0B2AD64}"
EndProject
Global
	GlobalSection(SolutionConfigurationPlatforms) = preSolution
		Debug|Any CPU = Debug|Any CPU
		Release|Any CPU = Release|Any CPU
	EndGlobalSection
	GlobalSection(ProjectConfigurationPlatforms) = postSolution
		{1E68AF17-4024-79F8-BB4A-5FDAE0B2AD64}.Debug|Any CPU.ActiveCfg = Debug|Any CPU
		{1E68AF17-4024-79F8-BB4A-5FDAE0B2AD64}.Debug|Any CPU.Build.0 = Debug|Any CPU
		{1E68AF17-4024-79F8-BB4A-5FDAE0B2AD64}.Release|Any CPU.ActiveCfg = Release|Any CPU
		{1E68AF17-4024-79F8-BB4A-5FDAE0B2AD64}.Release|Any CPU.Build.0 = Release|Any CPU
	EndGlobalSection
	GlobalSection(SolutionProperties) = preSolution
		HideSolutionNode = FALSE
	EndGlobalSection
	GlobalSection(ExtensibilityGlobals) = postSolution
		SolutionGuid = {316BDB35-7549-46A1-8BD1-D3CE26FA3B75}
	EndGlobalSection
EndGlobal
